
Microsoft Visual Studio Solution File, Format Version 12.00
# Visual Studio 15
VisualStudioVersion = 15.0.26124.0
MinimumVisualStudioVersion = 15.0.26124.0
Project("{FAE04EC0-301F-11D3-BF4B-00C04F79EFBC}") = "BaltaStore.Api", "BaltaStore.Api\BaltaStore.Api.csproj", "{E8C70F3B-B4FB-47A6-9EEC-9B0CD5D1420F}"
EndProject
Project("{FAE04EC0-301F-11D3-BF4B-00C04F79EFBC}") = "BaltaStore.Domain", "BaltaStore.Domain\BaltaStore.Domain.csproj", "{FA7A66DE-9428-4614-A883-86066D3B0BC0}"
EndProject
Project("{FAE04EC0-301F-11D3-BF4B-00C04F79EFBC}") = "BaltaStore.Shared", "BaltaStore.Shared\BaltaStore.Shared.csproj", "{72693B2F-D5D2-4E27-A21B-F9EA48066ECD}"
EndProject
Project("{FAE04EC0-301F-11D3-BF4B-00C04F79EFBC}") = "BaltaStore.Infra", "BaltaStore.Infra\BaltaStore.Infra.csproj", "{FE2E26AE-BE82-4E94-A664-26F21CAA606E}"
EndProject
Project("{FAE04EC0-301F-11D3-BF4B-00C04F79EFBC}") = "BaltaStore.Tests", "BaltaStore.Tests\BaltaStore.Tests.csproj", "{4A44B9E6-B41F-4AC4-B1D5-0D6D810ECD8F}"
EndProject
Global
	GlobalSection(SolutionConfigurationPlatforms) = preSolution
		Debug|Any CPU = Debug|Any CPU
		Debug|x64 = Debug|x64
		Debug|x86 = Debug|x86
		Release|Any CPU = Release|Any CPU
		Release|x64 = Release|x64
		Release|x86 = Release|x86
	EndGlobalSection
	GlobalSection(SolutionProperties) = preSolution
		HideSolutionNode = FALSE
	EndGlobalSection
	GlobalSection(ProjectConfigurationPlatforms) = postSolution
		{E8C70F3B-B4FB-47A6-9EEC-9B0CD5D1420F}.Debug|Any CPU.ActiveCfg = Debug|Any CPU
		{E8C70F3B-B4FB-47A6-9EEC-9B0CD5D1420F}.Debug|Any CPU.Build.0 = Debug|Any CPU
		{E8C70F3B-B4FB-47A6-9EEC-9B0CD5D1420F}.Debug|x64.ActiveCfg = Debug|Any CPU
		{E8C70F3B-B4FB-47A6-9EEC-9B0CD5D1420F}.Debug|x64.Build.0 = Debug|Any CPU
		{E8C70F3B-B4FB-47A6-9EEC-9B0CD5D1420F}.Debug|x86.ActiveCfg = Debug|Any CPU
		{E8C70F3B-B4FB-47A6-9EEC-9B0CD5D1420F}.Debug|x86.Build.0 = Debug|Any CPU
		{E8C70F3B-B4FB-47A6-9EEC-9B0CD5D1420F}.Release|Any CPU.ActiveCfg = Release|Any CPU
		{E8C70F3B-B4FB-47A6-9EEC-9B0CD5D1420F}.Release|Any CPU.Build.0 = Release|Any CPU
		{E8C70F3B-B4FB-47A6-9EEC-9B0CD5D1420F}.Release|x64.ActiveCfg = Release|Any CPU
		{E8C70F3B-B4FB-47A6-9EEC-9B0CD5D1420F}.Release|x64.Build.0 = Release|Any CPU
		{E8C70F3B-B4FB-47A6-9EEC-9B0CD5D1420F}.Release|x86.ActiveCfg = Release|Any CPU
		{E8C70F3B-B4FB-47A6-9EEC-9B0CD5D1420F}.Release|x86.Build.0 = Release|Any CPU
		{FA7A66DE-9428-4614-A883-86066D3B0BC0}.Debug|Any CPU.ActiveCfg = Debug|Any CPU
		{FA7A66DE-9428-4614-A883-86066D3B0BC0}.Debug|Any CPU.Build.0 = Debug|Any CPU
		{FA7A66DE-9428-4614-A883-86066D3B0BC0}.Debug|x64.ActiveCfg = Debug|Any CPU
		{FA7A66DE-9428-4614-A883-86066D3B0BC0}.Debug|x64.Build.0 = Debug|Any CPU
		{FA7A66DE-9428-4614-A883-86066D3B0BC0}.Debug|x86.ActiveCfg = Debug|Any CPU
		{FA7A66DE-9428-4614-A883-86066D3B0BC0}.Debug|x86.Build.0 = Debug|Any CPU
		{FA7A66DE-9428-4614-A883-86066D3B0BC0}.Release|Any CPU.ActiveCfg = Release|Any CPU
		{FA7A66DE-9428-4614-A883-86066D3B0BC0}.Release|Any CPU.Build.0 = Release|Any CPU
		{FA7A66DE-9428-4614-A883-86066D3B0BC0}.Release|x64.ActiveCfg = Release|Any CPU
		{FA7A66DE-9428-4614-A883-86066D3B0BC0}.Release|x64.Build.0 = Release|Any CPU
		{FA7A66DE-9428-4614-A883-86066D3B0BC0}.Release|x86.ActiveCfg = Release|Any CPU
		{FA7A66DE-9428-4614-A883-86066D3B0BC0}.Release|x86.Build.0 = Release|Any CPU
		{72693B2F-D5D2-4E27-A21B-F9EA48066ECD}.Debug|Any CPU.ActiveCfg = Debug|Any CPU
		{72693B2F-D5D2-4E27-A21B-F9EA48066ECD}.Debug|Any CPU.Build.0 = Debug|Any CPU
		{72693B2F-D5D2-4E27-A21B-F9EA48066ECD}.Debug|x64.ActiveCfg = Debug|Any CPU
		{72693B2F-D5D2-4E27-A21B-F9EA48066ECD}.Debug|x64.Build.0 = Debug|Any CPU
		{72693B2F-D5D2-4E27-A21B-F9EA48066ECD}.Debug|x86.ActiveCfg = Debug|Any CPU
		{72693B2F-D5D2-4E27-A21B-F9EA48066ECD}.Debug|x86.Build.0 = Debug|Any CPU
		{72693B2F-D5D2-4E27-A21B-F9EA48066ECD}.Release|Any CPU.ActiveCfg = Release|Any CPU
		{72693B2F-D5D2-4E27-A21B-F9EA48066ECD}.Release|Any CPU.Build.0 = Release|Any CPU
		{72693B2F-D5D2-4E27-A21B-F9EA48066ECD}.Release|x64.ActiveCfg = Release|Any CPU
		{72693B2F-D5D2-4E27-A21B-F9EA48066ECD}.Release|x64.Build.0 = Release|Any CPU
		{72693B2F-D5D2-4E27-A21B-F9EA48066ECD}.Release|x86.ActiveCfg = Release|Any CPU
		{72693B2F-D5D2-4E27-A21B-F9EA48066ECD}.Release|x86.Build.0 = Release|Any CPU
		{FE2E26AE-BE82-4E94-A664-26F21CAA606E}.Debug|Any CPU.ActiveCfg = Debug|Any CPU
		{FE2E26AE-BE82-4E94-A664-26F21CAA606E}.Debug|Any CPU.Build.0 = Debug|Any CPU
		{FE2E26AE-BE82-4E94-A664-26F21CAA606E}.Debug|x64.ActiveCfg = Debug|Any CPU
		{FE2E26AE-BE82-4E94-A664-26F21CAA606E}.Debug|x64.Build.0 = Debug|Any CPU
		{FE2E26AE-BE82-4E94-A664-26F21CAA606E}.Debug|x86.ActiveCfg = Debug|Any CPU
		{FE2E26AE-BE82-4E94-A664-26F21CAA606E}.Debug|x86.Build.0 = Debug|Any CPU
		{FE2E26AE-BE82-4E94-A664-26F21CAA606E}.Release|Any CPU.ActiveCfg = Release|Any CPU
		{FE2E26AE-BE82-4E94-A664-26F21CAA606E}.Release|Any CPU.Build.0 = Release|Any CPU
		{FE2E26AE-BE82-4E94-A664-26F21CAA606E}.Release|x64.ActiveCfg = Release|Any CPU
		{FE2E26AE-BE82-4E94-A664-26F21CAA606E}.Release|x64.Build.0 = Release|Any CPU
		{FE2E26AE-BE82-4E94-A664-26F21CAA606E}.Release|x86.ActiveCfg = Release|Any CPU
		{FE2E26AE-BE82-4E94-A664-26F21CAA606E}.Release|x86.Build.0 = Release|Any CPU
		{4A44B9E6-B41F-4AC4-B1D5-0D6D810ECD8F}.Debug|Any CPU.ActiveCfg = Debug|Any CPU
		{4A44B9E6-B41F-4AC4-B1D5-0D6D810ECD8F}.Debug|Any CPU.Build.0 = Debug|Any CPU
		{4A44B9E6-B41F-4AC4-B1D5-0D6D810ECD8F}.Debug|x64.ActiveCfg = Debug|Any CPU
		{4A44B9E6-B41F-4AC4-B1D5-0D6D810ECD8F}.Debug|x64.Build.0 = Debug|Any CPU
		{4A44B9E6-B41F-4AC4-B1D5-0D6D810ECD8F}.Debug|x86.ActiveCfg = Debug|Any CPU
		{4A44B9E6-B41F-4AC4-B1D5-0D6D810ECD8F}.Debug|x86.Build.0 = Debug|Any CPU
		{4A44B9E6-B41F-4AC4-B1D5-0D6D810ECD8F}.Release|Any CPU.ActiveCfg = Release|Any CPU
		{4A44B9E6-B41F-4AC4-B1D5-0D6D810ECD8F}.Release|Any CPU.Build.0 = Release|Any CPU
		{4A44B9E6-B41F-4AC4-B1D5-0D6D810ECD8F}.Release|x64.ActiveCfg = Release|Any CPU
		{4A44B9E6-B41F-4AC4-B1D5-0D6D810ECD8F}.Release|x64.Build.0 = Release|Any CPU
		{4A44B9E6-B41F-4AC4-B1D5-0D6D810ECD8F}.Release|x86.ActiveCfg = Release|Any CPU
		{4A44B9E6-B41F-4AC4-B1D5-0D6D810ECD8F}.Release|x86.Build.0 = Release|Any CPU
	EndGlobalSection
EndGlobal
